// !$*UTF8*$!
{
	archiveVersion = 1;
	classes = {
	};
	objectVersion = 56;
	objects = {

/* Begin PBXBuildFile section */
		289B336F2A25FEEF004CE18F /* MandelbrotApp.swift in Sources */ = {isa = PBXBuildFile; fileRef = 289B336E2A25FEEF004CE18F /* MandelbrotApp.swift */; };
		289B33712A25FEEF004CE18F /* ContentView.swift in Sources */ = {isa = PBXBuildFile; fileRef = 289B33702A25FEEF004CE18F /* ContentView.swift */; };
		289B33732A25FEF2004CE18F /* Assets.xcassets in Resources */ = {isa = PBXBuildFile; fileRef = 289B33722A25FEF2004CE18F /* Assets.xcassets */; };
		289B33772A25FEF2004CE18F /* Preview Assets.xcassets in Resources */ = {isa = PBXBuildFile; fileRef = 289B33762A25FEF2004CE18F /* Preview Assets.xcassets */; };
		289B33812A25FEF2004CE18F /* MandelbrotTests.swift in Sources */ = {isa = PBXBuildFile; fileRef = 289B33802A25FEF2004CE18F /* MandelbrotTests.swift */; };
		289B338B2A25FEF2004CE18F /* MandelbrotUITests.swift in Sources */ = {isa = PBXBuildFile; fileRef = 289B338A2A25FEF2004CE18F /* MandelbrotUITests.swift */; };
		289B338D2A25FEF2004CE18F /* MandelbrotUITestsLaunchTests.swift in Sources */ = {isa = PBXBuildFile; fileRef = 289B338C2A25FEF2004CE18F /* MandelbrotUITestsLaunchTests.swift */; };
		289B339A2A2636A4004CE18F /* MandelbrotCalculation.swift in Sources */ = {isa = PBXBuildFile; fileRef = 289B33992A2636A4004CE18F /* MandelbrotCalculation.swift */; };
		289B339C2A263757004CE18F /* MandelbrotDrawing.swift in Sources */ = {isa = PBXBuildFile; fileRef = 289B339B2A263757004CE18F /* MandelbrotDrawing.swift */; };
/* End PBXBuildFile section */

/* Begin PBXContainerItemProxy section */
		289B337D2A25FEF2004CE18F /* PBXContainerItemProxy */ = {
			isa = PBXContainerItemProxy;
			containerPortal = 289B33632A25FEEF004CE18F /* Project object */;
			proxyType = 1;
			remoteGlobalIDString = 289B336A2A25FEEF004CE18F;
			remoteInfo = Mandelbrot;
		};
		289B33872A25FEF2004CE18F /* PBXContainerItemProxy */ = {
			isa = PBXContainerItemProxy;
			containerPortal = 289B33632A25FEEF004CE18F /* Project object */;
			proxyType = 1;
			remoteGlobalIDString = 289B336A2A25FEEF004CE18F;
			remoteInfo = Mandelbrot;
		};
/* End PBXContainerItemProxy section */

/* Begin PBXFileReference section */
		289B336B2A25FEEF004CE18F /* Mandelbrot.app */ = {isa = PBXFileReference; explicitFileType = wrapper.application; includeInIndex = 0; path = Mandelbrot.app; sourceTree = BUILT_PRODUCTS_DIR; };
		289B336E2A25FEEF004CE18F /* MandelbrotApp.swift */ = {isa = PBXFileReference; lastKnownFileType = sourcecode.swift; path = MandelbrotApp.swift; sourceTree = "<group>"; };
		289B33702A25FEEF004CE18F /* ContentView.swift */ = {isa = PBXFileReference; lastKnownFileType = sourcecode.swift; path = ContentView.swift; sourceTree = "<group>"; };
		289B33722A25FEF2004CE18F /* Assets.xcassets */ = {isa = PBXFileReference; lastKnownFileType = folder.assetcatalog; path = Assets.xcassets; sourceTree = "<group>"; };
		289B33742A25FEF2004CE18F /* Mandelbrot.entitlements */ = {isa = PBXFileReference; lastKnownFileType = text.plist.entitlements; path = Mandelbrot.entitlements; sourceTree = "<group>"; };
		289B33762A25FEF2004CE18F /* Preview Assets.xcassets */ = {isa = PBXFileReference; lastKnownFileType = folder.assetcatalog; path = "Preview Assets.xcassets"; sourceTree = "<group>"; };
		289B337C2A25FEF2004CE18F /* MandelbrotTests.xctest */ = {isa = PBXFileReference; explicitFileType = wrapper.cfbundle; includeInIndex = 0; path = MandelbrotTests.xctest; sourceTree = BUILT_PRODUCTS_DIR; };
		289B33802A25FEF2004CE18F /* MandelbrotTests.swift */ = {isa = PBXFileReference; lastKnownFileType = sourcecode.swift; path = MandelbrotTests.swift; sourceTree = "<group>"; };
		289B33862A25FEF2004CE18F /* MandelbrotUITests.xctest */ = {isa = PBXFileReference; explicitFileType = wrapper.cfbundle; includeInIndex = 0; path = MandelbrotUITests.xctest; sourceTree = BUILT_PRODUCTS_DIR; };
		289B338A2A25FEF2004CE18F /* MandelbrotUITests.swift */ = {isa = PBXFileReference; lastKnownFileType = sourcecode.swift; path = MandelbrotUITests.swift; sourceTree = "<group>"; };
		289B338C2A25FEF2004CE18F /* MandelbrotUITestsLaunchTests.swift */ = {isa = PBXFileReference; lastKnownFileType = sourcecode.swift; path = MandelbrotUITestsLaunchTests.swift; sourceTree = "<group>"; };
		289B33992A2636A4004CE18F /* MandelbrotCalculation.swift */ = {isa = PBXFileReference; lastKnownFileType = sourcecode.swift; path = MandelbrotCalculation.swift; sourceTree = "<group>"; };
		289B339B2A263757004CE18F /* MandelbrotDrawing.swift */ = {isa = PBXFileReference; lastKnownFileType = sourcecode.swift; path = MandelbrotDrawing.swift; sourceTree = "<group>"; };
/* End PBXFileReference section */

/* Begin PBXFrameworksBuildPhase section */
		289B33682A25FEEF004CE18F /* Frameworks */ = {
			isa = PBXFrameworksBuildPhase;
			buildActionMask = 2147483647;
			files = (
			);
			runOnlyForDeploymentPostprocessing = 0;
		};
		289B33792A25FEF2004CE18F /* Frameworks */ = {
			isa = PBXFrameworksBuildPhase;
			buildActionMask = 2147483647;
			files = (
			);
			runOnlyForDeploymentPostprocessing = 0;
		};
		289B33832A25FEF2004CE18F /* Frameworks */ = {
			isa = PBXFrameworksBuildPhase;
			buildActionMask = 2147483647;
			files = (
			);
			runOnlyForDeploymentPostprocessing = 0;
		};
/* End PBXFrameworksBuildPhase section */

/* Begin PBXGroup section */
		289B33622A25FEEF004CE18F = {
			isa = PBXGroup;
			children = (
				289B336D2A25FEEF004CE18F /* Mandelbrot */,
				289B337F2A25FEF2004CE18F /* MandelbrotTests */,
				289B33892A25FEF2004CE18F /* MandelbrotUITests */,
				289B336C2A25FEEF004CE18F /* Products */,
			);
			sourceTree = "<group>";
		};
		289B336C2A25FEEF004CE18F /* Products */ = {
			isa = PBXGroup;
			children = (
				289B336B2A25FEEF004CE18F /* Mandelbrot.app */,
				289B337C2A25FEF2004CE18F /* MandelbrotTests.xctest */,
				289B33862A25FEF2004CE18F /* MandelbrotUITests.xctest */,
			);
			name = Products;
			sourceTree = "<group>";
		};
		289B336D2A25FEEF004CE18F /* Mandelbrot */ = {
			isa = PBXGroup;
			children = (
				289B336E2A25FEEF004CE18F /* MandelbrotApp.swift */,
				289B33702A25FEEF004CE18F /* ContentView.swift */,
				289B33992A2636A4004CE18F /* MandelbrotCalculation.swift */,
				289B339B2A263757004CE18F /* MandelbrotDrawing.swift */,
				289B33722A25FEF2004CE18F /* Assets.xcassets */,
				289B33742A25FEF2004CE18F /* Mandelbrot.entitlements */,
				289B33752A25FEF2004CE18F /* Preview Content */,
			);
			path = Mandelbrot;
			sourceTree = "<group>";
		};
		289B33752A25FEF2004CE18F /* Preview Content */ = {
			isa = PBXGroup;
			children = (
				289B33762A25FEF2004CE18F /* Preview Assets.xcassets */,
			);
			path = "Preview Content";
			sourceTree = "<group>";
		};
		289B337F2A25FEF2004CE18F /* MandelbrotTests */ = {
			isa = PBXGroup;
			children = (
				289B33802A25FEF2004CE18F /* MandelbrotTests.swift */,
			);
			path = MandelbrotTests;
			sourceTree = "<group>";
		};
		289B33892A25FEF2004CE18F /* MandelbrotUITests */ = {
			isa = PBXGroup;
			children = (
				289B338A2A25FEF2004CE18F /* MandelbrotUITests.swift */,
				289B338C2A25FEF2004CE18F /* MandelbrotUITestsLaunchTests.swift */,
			);
			path = MandelbrotUITests;
			sourceTree = "<group>";
		};
/* End PBXGroup section */

/* Begin PBXNativeTarget section */
		289B336A2A25FEEF004CE18F /* Mandelbrot */ = {
			isa = PBXNativeTarget;
			buildConfigurationList = 289B33902A25FEF2004CE18F /* Build configuration list for PBXNativeTarget "Mandelbrot" */;
			buildPhases = (
				289B33672A25FEEF004CE18F /* Sources */,
				289B33682A25FEEF004CE18F /* Frameworks */,
				289B33692A25FEEF004CE18F /* Resources */,
			);
			buildRules = (
			);
			dependencies = (
			);
			name = Mandelbrot;
			productName = Mandelbrot;
			productReference = 289B336B2A25FEEF004CE18F /* Mandelbrot.app */;
			productType = "com.apple.product-type.application";
		};
		289B337B2A25FEF2004CE18F /* MandelbrotTests */ = {
			isa = PBXNativeTarget;
			buildConfigurationList = 289B33932A25FEF2004CE18F /* Build configuration list for PBXNativeTarget "MandelbrotTests" */;
			buildPhases = (
				289B33782A25FEF2004CE18F /* Sources */,
				289B33792A25FEF2004CE18F /* Frameworks */,
				289B337A2A25FEF2004CE18F /* Resources */,
			);
			buildRules = (
			);
			dependencies = (
				289B337E2A25FEF2004CE18F /* PBXTargetDependency */,
			);
			name = MandelbrotTests;
			productName = MandelbrotTests;
			productReference = 289B337C2A25FEF2004CE18F /* MandelbrotTests.xctest */;
			productType = "com.apple.product-type.bundle.unit-test";
		};
		289B33852A25FEF2004CE18F /* MandelbrotUITests */ = {
			isa = PBXNativeTarget;
			buildConfigurationList = 289B33962A25FEF2004CE18F /* Build configuration list for PBXNativeTarget "MandelbrotUITests" */;
			buildPhases = (
				289B33822A25FEF2004CE18F /* Sources */,
				289B33832A25FEF2004CE18F /* Frameworks */,
				289B33842A25FEF2004CE18F /* Resources */,
			);
			buildRules = (
			);
			dependencies = (
				289B33882A25FEF2004CE18F /* PBXTargetDependency */,
			);
			name = MandelbrotUITests;
			productName = MandelbrotUITests;
			productReference = 289B33862A25FEF2004CE18F /* MandelbrotUITests.xctest */;
			productType = "com.apple.product-type.bundle.ui-testing";
		};
/* End PBXNativeTarget section */

/* Begin PBXProject section */
		289B33632A25FEEF004CE18F /* Project object */ = {
			isa = PBXProject;
			attributes = {
				BuildIndependentTargetsInParallel = 1;
				LastSwiftUpdateCheck = 1420;
				LastUpgradeCheck = 1420;
				TargetAttributes = {
					289B336A2A25FEEF004CE18F = {
						CreatedOnToolsVersion = 14.2;
					};
					289B337B2A25FEF2004CE18F = {
						CreatedOnToolsVersion = 14.2;
						TestTargetID = 289B336A2A25FEEF004CE18F;
					};
					289B33852A25FEF2004CE18F = {
						CreatedOnToolsVersion = 14.2;
						TestTargetID = 289B336A2A25FEEF004CE18F;
					};
				};
			};
			buildConfigurationList = 289B33662A25FEEF004CE18F /* Build configuration list for PBXProject "Mandelbrot" */;
			compatibilityVersion = "Xcode 14.0";
			developmentRegion = en;
			hasScannedForEncodings = 0;
			knownRegions = (
				en,
				Base,
			);
			mainGroup = 289B33622A25FEEF004CE18F;
			productRefGroup = 289B336C2A25FEEF004CE18F /* Products */;
			projectDirPath = "";
			projectRoot = "";
			targets = (
				289B336A2A25FEEF004CE18F /* Mandelbrot */,
				289B337B2A25FEF2004CE18F /* MandelbrotTests */,
				289B33852A25FEF2004CE18F /* MandelbrotUITests */,
			);
		};
/* End PBXProject section */

/* Begin PBXResourcesBuildPhase section */
		289B33692A25FEEF004CE18F /* Resources */ = {
			isa = PBXResourcesBuildPhase;
			buildActionMask = 2147483647;
			files = (
				289B33772A25FEF2004CE18F /* Preview Assets.xcassets in Resources */,
				289B33732A25FEF2004CE18F /* Assets.xcassets in Resources */,
			);
			runOnlyForDeploymentPostprocessing = 0;
		};
		289B337A2A25FEF2004CE18F /* Resources */ = {
			isa = PBXResourcesBuildPhase;
			buildActionMask = 2147483647;
			files = (
			);
			runOnlyForDeploymentPostprocessing = 0;
		};
		289B33842A25FEF2004CE18F /* Resources */ = {
			isa = PBXResourcesBuildPhase;
			buildActionMask = 2147483647;
			files = (
			);
			runOnlyForDeploymentPostprocessing = 0;
		};
/* End PBXResourcesBuildPhase section */

/* Begin PBXSourcesBuildPhase section */
		289B33672A25FEEF004CE18F /* Sources */ = {
			isa = PBXSourcesBuildPhase;
			buildActionMask = 2147483647;
			files = (
				289B339A2A2636A4004CE18F /* MandelbrotCalculation.swift in Sources */,
				289B33712A25FEEF004CE18F /* ContentView.swift in Sources */,
				289B339C2A263757004CE18F /* MandelbrotDrawing.swift in Sources */,
				289B336F2A25FEEF004CE18F /* MandelbrotApp.swift in Sources */,
			);
			runOnlyForDeploymentPostprocessing = 0;
		};
		289B33782A25FEF2004CE18F /* Sources */ = {
			isa = PBXSourcesBuildPhase;
			buildActionMask = 2147483647;
			files = (
				289B33812A25FEF2004CE18F /* MandelbrotTests.swift in Sources */,
			);
			runOnlyForDeploymentPostprocessing = 0;
		};
		289B33822A25FEF2004CE18F /* Sources */ = {
			isa = PBXSourcesBuildPhase;
			buildActionMask = 2147483647;
			files = (
				289B338D2A25FEF2004CE18F /* MandelbrotUITestsLaunchTests.swift in Sources */,
				289B338B2A25FEF2004CE18F /* MandelbrotUITests.swift in Sources */,
			);
			runOnlyForDeploymentPostprocessing = 0;
		};
/* End PBXSourcesBuildPhase section */

/* Begin PBXTargetDependency section */
		289B337E2A25FEF2004CE18F /* PBXTargetDependency */ = {
			isa = PBXTargetDependency;
			target = 289B336A2A25FEEF004CE18F /* Mandelbrot */;
			targetProxy = 289B337D2A25FEF2004CE18F /* PBXContainerItemProxy */;
		};
		289B33882A25FEF2004CE18F /* PBXTargetDependency */ = {
			isa = PBXTargetDependency;
			target = 289B336A2A25FEEF004CE18F /* Mandelbrot */;
			targetProxy = 289B33872A25FEF2004CE18F /* PBXContainerItemProxy */;
		};
/* End PBXTargetDependency section */

/* Begin XCBuildConfiguration section */
		289B338E2A25FEF2004CE18F /* Debug */ = {
			isa = XCBuildConfiguration;
			buildSettings = {
				ALWAYS_SEARCH_USER_PATHS = NO;
				CLANG_ANALYZER_NONNULL = YES;
				CLANG_ANALYZER_NUMBER_OBJECT_CONVERSION = YES_AGGRESSIVE;
				CLANG_CXX_LANGUAGE_STANDARD = "gnu++20";
				CLANG_ENABLE_MODULES = YES;
				CLANG_ENABLE_OBJC_ARC = YES;
				CLANG_ENABLE_OBJC_WEAK = YES;
				CLANG_WARN_BLOCK_CAPTURE_AUTORELEASING = YES;
				CLANG_WARN_BOOL_CONVERSION = YES;
				CLANG_WARN_COMMA = YES;
				CLANG_WARN_CONSTANT_CONVERSION = YES;
				CLANG_WARN_DEPRECATED_OBJC_IMPLEMENTATIONS = YES;
				CLANG_WARN_DIRECT_OBJC_ISA_USAGE = YES_ERROR;
				CLANG_WARN_DOCUMENTATION_COMMENTS = YES;
				CLANG_WARN_EMPTY_BODY = YES;
				CLANG_WARN_ENUM_CONVERSION = YES;
				CLANG_WARN_INFINITE_RECURSION = YES;
				CLANG_WARN_INT_CONVERSION = YES;
				CLANG_WARN_NON_LITERAL_NULL_CONVERSION = YES;
				CLANG_WARN_OBJC_IMPLICIT_RETAIN_SELF = YES;
				CLANG_WARN_OBJC_LITERAL_CONVERSION = YES;
				CLANG_WARN_OBJC_ROOT_CLASS = YES_ERROR;
				CLANG_WARN_QUOTED_INCLUDE_IN_FRAMEWORK_HEADER = YES;
				CLANG_WARN_RANGE_LOOP_ANALYSIS = YES;
				CLANG_WARN_STRICT_PROTOTYPES = YES;
				CLANG_WARN_SUSPICIOUS_MOVE = YES;
				CLANG_WARN_UNGUARDED_AVAILABILITY = YES_AGGRESSIVE;
				CLANG_WARN_UNREACHABLE_CODE = YES;
				CLANG_WARN__DUPLICATE_METHOD_MATCH = YES;
				COPY_PHASE_STRIP = NO;
				DEBUG_INFORMATION_FORMAT = dwarf;
				ENABLE_STRICT_OBJC_MSGSEND = YES;
				ENABLE_TESTABILITY = YES;
				GCC_C_LANGUAGE_STANDARD = gnu11;
				GCC_DYNAMIC_NO_PIC = NO;
				GCC_NO_COMMON_BLOCKS = YES;
				GCC_OPTIMIZATION_LEVEL = 0;
				GCC_PREPROCESSOR_DEFINITIONS = (
					"DEBUG=1",
					"$(inherited)",
				);
				GCC_WARN_64_TO_32_BIT_CONVERSION = YES;
				GCC_WARN_ABOUT_RETURN_TYPE = YES_ERROR;
				GCC_WARN_UNDECLARED_SELECTOR = YES;
				GCC_WARN_UNINITIALIZED_AUTOS = YES_AGGRESSIVE;
				GCC_WARN_UNUSED_FUNCTION = YES;
				GCC_WARN_UNUSED_VARIABLE = YES;
				MTL_ENABLE_DEBUG_INFO = INCLUDE_SOURCE;
				MTL_FAST_MATH = YES;
				ONLY_ACTIVE_ARCH = YES;
				SWIFT_ACTIVE_COMPILATION_CONDITIONS = DEBUG;
				SWIFT_OPTIMIZATION_LEVEL = "-Onone";
			};
			name = Debug;
		};
		289B338F2A25FEF2004CE18F /* Release */ = {
			isa = XCBuildConfiguration;
			buildSettings = {
				ALWAYS_SEARCH_USER_PATHS = NO;
				CLANG_ANALYZER_NONNULL = YES;
				CLANG_ANALYZER_NUMBER_OBJECT_CONVERSION = YES_AGGRESSIVE;
				CLANG_CXX_LANGUAGE_STANDARD = "gnu++20";
				CLANG_ENABLE_MODULES = YES;
				CLANG_ENABLE_OBJC_ARC = YES;
				CLANG_ENABLE_OBJC_WEAK = YES;
				CLANG_WARN_BLOCK_CAPTURE_AUTORELEASING = YES;
				CLANG_WARN_BOOL_CONVERSION = YES;
				CLANG_WARN_COMMA = YES;
				CLANG_WARN_CONSTANT_CONVERSION = YES;
				CLANG_WARN_DEPRECATED_OBJC_IMPLEMENTATIONS = YES;
				CLANG_WARN_DIRECT_OBJC_ISA_USAGE = YES_ERROR;
				CLANG_WARN_DOCUMENTATION_COMMENTS = YES;
				CLANG_WARN_EMPTY_BODY = YES;
				CLANG_WARN_ENUM_CONVERSION = YES;
				CLANG_WARN_INFINITE_RECURSION = YES;
				CLANG_WARN_INT_CONVERSION = YES;
				CLANG_WARN_NON_LITERAL_NULL_CONVERSION = YES;
				CLANG_WARN_OBJC_IMPLICIT_RETAIN_SELF = YES;
				CLANG_WARN_OBJC_LITERAL_CONVERSION = YES;
				CLANG_WARN_OBJC_ROOT_CLASS = YES_ERROR;
				CLANG_WARN_QUOTED_INCLUDE_IN_FRAMEWORK_HEADER = YES;
				CLANG_WARN_RANGE_LOOP_ANALYSIS = YES;
				CLANG_WARN_STRICT_PROTOTYPES = YES;
				CLANG_WARN_SUSPICIOUS_MOVE = YES;
				CLANG_WARN_UNGUARDED_AVAILABILITY = YES_AGGRESSIVE;
				CLANG_WARN_UNREACHABLE_CODE = YES;
				CLANG_WARN__DUPLICATE_METHOD_MATCH = YES;
				COPY_PHASE_STRIP = NO;
				DEBUG_INFORMATION_FORMAT = "dwarf-with-dsym";
				ENABLE_NS_ASSERTIONS = NO;
				ENABLE_STRICT_OBJC_MSGSEND = YES;
				GCC_C_LANGUAGE_STANDARD = gnu11;
				GCC_NO_COMMON_BLOCKS = YES;
				GCC_WARN_64_TO_32_BIT_CONVERSION = YES;
				GCC_WARN_ABOUT_RETURN_TYPE = YES_ERROR;
				GCC_WARN_UNDECLARED_SELECTOR = YES;
				GCC_WARN_UNINITIALIZED_AUTOS = YES_AGGRESSIVE;
				GCC_WARN_UNUSED_FUNCTION = YES;
				GCC_WARN_UNUSED_VARIABLE = YES;
				MTL_ENABLE_DEBUG_INFO = NO;
				MTL_FAST_MATH = YES;
				SWIFT_COMPILATION_MODE = wholemodule;
				SWIFT_OPTIMIZATION_LEVEL = "-O";
			};
			name = Release;
		};
		289B33912A25FEF2004CE18F /* Debug */ = {
			isa = XCBuildConfiguration;
			buildSettings = {
				ASSETCATALOG_COMPILER_APPICON_NAME = AppIcon;
				ASSETCATALOG_COMPILER_GLOBAL_ACCENT_COLOR_NAME = AccentColor;
				CODE_SIGN_ENTITLEMENTS = Mandelbrot/Mandelbrot.entitlements;
				CODE_SIGN_STYLE = Automatic;
				CURRENT_PROJECT_VERSION = 1;
				DEVELOPMENT_ASSET_PATHS = "\"Mandelbrot/Preview Content\"";
				DEVELOPMENT_TEAM = QNMYS92JJY;
				ENABLE_HARDENED_RUNTIME = YES;
				ENABLE_PREVIEWS = YES;
				GENERATE_INFOPLIST_FILE = YES;
				"INFOPLIST_KEY_UIApplicationSceneManifest_Generation[sdk=iphoneos*]" = YES;
				"INFOPLIST_KEY_UIApplicationSceneManifest_Generation[sdk=iphonesimulator*]" = YES;
				"INFOPLIST_KEY_UIApplicationSupportsIndirectInputEvents[sdk=iphoneos*]" = YES;
				"INFOPLIST_KEY_UIApplicationSupportsIndirectInputEvents[sdk=iphonesimulator*]" = YES;
				"INFOPLIST_KEY_UILaunchScreen_Generation[sdk=iphoneos*]" = YES;
				"INFOPLIST_KEY_UILaunchScreen_Generation[sdk=iphonesimulator*]" = YES;
				"INFOPLIST_KEY_UIStatusBarStyle[sdk=iphoneos*]" = UIStatusBarStyleDefault;
				"INFOPLIST_KEY_UIStatusBarStyle[sdk=iphonesimulator*]" = UIStatusBarStyleDefault;
				INFOPLIST_KEY_UISupportedInterfaceOrientations_iPad = "UIInterfaceOrientationPortrait UIInterfaceOrientationPortraitUpsideDown UIInterfaceOrientationLandscapeLeft UIInterfaceOrientationLandscapeRight";
				INFOPLIST_KEY_UISupportedInterfaceOrientations_iPhone = "UIInterfaceOrientationPortrait UIInterfaceOrientationLandscapeLeft UIInterfaceOrientationLandscapeRight";
				IPHONEOS_DEPLOYMENT_TARGET = 16.2;
				LD_RUNPATH_SEARCH_PATHS = "@executable_path/Frameworks";
				"LD_RUNPATH_SEARCH_PATHS[sdk=macosx*]" = "@executable_path/../Frameworks";
				MACOSX_DEPLOYMENT_TARGET = 13.1;
				MARKETING_VERSION = 1.0;
				PRODUCT_BUNDLE_IDENTIFIER = com.skimov.Mandelbrot;
				PRODUCT_NAME = "$(TARGET_NAME)";
				SDKROOT = auto;
				SUPPORTED_PLATFORMS = "iphoneos iphonesimulator macosx";
				SWIFT_EMIT_LOC_STRINGS = YES;
				SWIFT_VERSION = 5.0;
				TARGETED_DEVICE_FAMILY = "1,2";
			};
			name = Debug;
		};
		289B33922A25FEF2004CE18F /* Release */ = {
			isa = XCBuildConfiguration;
			buildSettings = {
				ASSETCATALOG_COMPILER_APPICON_NAME = AppIcon;
				ASSETCATALOG_COMPILER_GLOBAL_ACCENT_COLOR_NAME = AccentColor;
				CODE_SIGN_ENTITLEMENTS = Mandelbrot/Mandelbrot.entitlements;
				CODE_SIGN_STYLE = Automatic;
				CURRENT_PROJECT_VERSION = 1;
				DEVELOPMENT_ASSET_PATHS = "\"Mandelbrot/Preview Content\"";
				DEVELOPMENT_TEAM = QNMYS92JJY;
				ENABLE_HARDENED_RUNTIME = YES;
				ENABLE_PREVIEWS = YES;
				GENERATE_INFOPLIST_FILE = YES;
				"INFOPLIST_KEY_UIApplicationSceneManifest_Generation[sdk=iphoneos*]" = YES;
				"INFOPLIST_KEY_UIApplicationSceneManifest_Generation[sdk=iphonesimulator*]" = YES;
				"INFOPLIST_KEY_UIApplicationSupportsIndirectInputEvents[sdk=iphoneos*]" = YES;
				"INFOPLIST_KEY_UIApplicationSupportsIndirectInputEvents[sdk=iphonesimulator*]" = YES;
				"INFOPLIST_KEY_UILaunchScreen_Generation[sdk=iphoneos*]" = YES;
				"INFOPLIST_KEY_UILaunchScreen_Generation[sdk=iphonesimulator*]" = YES;
				"INFOPLIST_KEY_UIStatusBarStyle[sdk=iphoneos*]" = UIStatusBarStyleDefault;
				"INFOPLIST_KEY_UIStatusBarStyle[sdk=iphonesimulator*]" = UIStatusBarStyleDefault;
				INFOPLIST_KEY_UISupportedInterfaceOrientations_iPad = "UIInterfaceOrientationPortrait UIInterfaceOrientationPortraitUpsideDown UIInterfaceOrientationLandscapeLeft UIInterfaceOrientationLandscapeRight";
				INFOPLIST_KEY_UISupportedInterfaceOrientations_iPhone = "UIInterfaceOrientationPortrait UIInterfaceOrientationLandscapeLeft UIInterfaceOrientationLandscapeRight";
				IPHONEOS_DEPLOYMENT_TARGET = 16.2;
				LD_RUNPATH_SEARCH_PATHS = "@executable_path/Frameworks";
				"LD_RUNPATH_SEARCH_PATHS[sdk=macosx*]" = "@executable_path/../Frameworks";
				MACOSX_DEPLOYMENT_TARGET = 13.1;
				MARKETING_VERSION = 1.0;
				PRODUCT_BUNDLE_IDENTIFIER = com.skimov.Mandelbrot;
				PRODUCT_NAME = "$(TARGET_NAME)";
				SDKROOT = auto;
				SUPPORTED_PLATFORMS = "iphoneos iphonesimulator macosx";
				SWIFT_EMIT_LOC_STRINGS = YES;
				SWIFT_VERSION = 5.0;
				TARGETED_DEVICE_FAMILY = "1,2";
			};
			name = Release;
		};
		289B33942A25FEF2004CE18F /* Debug */ = {
			isa = XCBuildConfiguration;
			buildSettings = {
				ALWAYS_EMBED_SWIFT_STANDARD_LIBRARIES = YES;
				BUNDLE_LOADER = "$(TEST_HOST)";
				CODE_SIGN_STYLE = Automatic;
				CURRENT_PROJECT_VERSION = 1;
				DEVELOPMENT_TEAM = QNMYS92JJY;
				GENERATE_INFOPLIST_FILE = YES;
				IPHONEOS_DEPLOYMENT_TARGET = 16.2;
				MACOSX_DEPLOYMENT_TARGET = 13.1;
				MARKETING_VERSION = 1.0;
				PRODUCT_BUNDLE_IDENTIFIER = com.skimov.MandelbrotTests;
				PRODUCT_NAME = "$(TARGET_NAME)";
				SDKROOT = auto;
				SUPPORTED_PLATFORMS = "iphoneos iphonesimulator macosx";
				SWIFT_EMIT_LOC_STRINGS = NO;
				SWIFT_VERSION = 5.0;
				TARGETED_DEVICE_FAMILY = "1,2";
				TEST_HOST = "$(BUILT_PRODUCTS_DIR)/Mandelbrot.app/$(BUNDLE_EXECUTABLE_FOLDER_PATH)/Mandelbrot";
			};
			name = Debug;
		};
		289B33952A25FEF2004CE18F /* Release */ = {
			isa = XCBuildConfiguration;
			buildSettings = {
				ALWAYS_EMBED_SWIFT_STANDARD_LIBRARIES = YES;
				BUNDLE_LOADER = "$(TEST_HOST)";
				CODE_SIGN_STYLE = Automatic;
				CURRENT_PROJECT_VERSION = 1;
				DEVELOPMENT_TEAM = QNMYS92JJY;
				GENERATE_INFOPLIST_FILE = YES;
				IPHONEOS_DEPLOYMENT_TARGET = 16.2;
				MACOSX_DEPLOYMENT_TARGET = 13.1;
				MARKETING_VERSION = 1.0;
				PRODUCT_BUNDLE_IDENTIFIER = com.skimov.MandelbrotTests;
				PRODUCT_NAME = "$(TARGET_NAME)";
				SDKROOT = auto;
				SUPPORTED_PLATFORMS = "iphoneos iphonesimulator macosx";
				SWIFT_EMIT_LOC_STRINGS = NO;
				SWIFT_VERSION = 5.0;
				TARGETED_DEVICE_FAMILY = "1,2";
				TEST_HOST = "$(BUILT_PRODUCTS_DIR)/Mandelbrot.app/$(BUNDLE_EXECUTABLE_FOLDER_PATH)/Mandelbrot";
			};
			name = Release;
		};
		289B33972A25FEF2004CE18F /* Debug */ = {
			isa = XCBuildConfiguration;
			buildSettings = {
				ALWAYS_EMBED_SWIFT_STANDARD_LIBRARIES = YES;
				CODE_SIGN_STYLE = Automatic;
				CURRENT_PROJECT_VERSION = 1;
				DEVELOPMENT_TEAM = QNMYS92JJY;
				GENERATE_INFOPLIST_FILE = YES;
				IPHONEOS_DEPLOYMENT_TARGET = 16.2;
				MACOSX_DEPLOYMENT_TARGET = 13.1;
				MARKETING_VERSION = 1.0;
				PRODUCT_BUNDLE_IDENTIFIER = com.skimov.MandelbrotUITests;
				PRODUCT_NAME = "$(TARGET_NAME)";
				SDKROOT = auto;
				SUPPORTED_PLATFORMS = "iphoneos iphonesimulator macosx";
				SWIFT_EMIT_LOC_STRINGS = NO;
				SWIFT_VERSION = 5.0;
				TARGETED_DEVICE_FAMILY = "1,2";
				TEST_TARGET_NAME = Mandelbrot;
			};
			name = Debug;
		};
		289B33982A25FEF2004CE18F /* Release */ = {
			isa = XCBuildConfiguration;
			buildSettings = {
				ALWAYS_EMBED_SWIFT_STANDARD_LIBRARIES = YES;
				CODE_SIGN_STYLE = Automatic;
				CURRENT_PROJECT_VERSION = 1;
				DEVELOPMENT_TEAM = QNMYS92JJY;
				GENERATE_INFOPLIST_FILE = YES;
				IPHONEOS_DEPLOYMENT_TARGET = 16.2;
				MACOSX_DEPLOYMENT_TARGET = 13.1;
				MARKETING_VERSION = 1.0;
				PRODUCT_BUNDLE_IDENTIFIER = com.skimov.MandelbrotUITests;
				PRODUCT_NAME = "$(TARGET_NAME)";
				SDKROOT = auto;
				SUPPORTED_PLATFORMS = "iphoneos iphonesimulator macosx";
				SWIFT_EMIT_LOC_STRINGS = NO;
				SWIFT_VERSION = 5.0;
				TARGETED_DEVICE_FAMILY = "1,2";
				TEST_TARGET_NAME = Mandelbrot;
			};
			name = Release;
		};
/* End XCBuildConfiguration section */

/* Begin XCConfigurationList section */
		289B33662A25FEEF004CE18F /* Build configuration list for PBXProject "Mandelbrot" */ = {
			isa = XCConfigurationList;
			buildConfigurations = (
				289B338E2A25FEF2004CE18F /* Debug */,
				289B338F2A25FEF2004CE18F /* Release */,
			);
			defaultConfigurationIsVisible = 0;
			defaultConfigurationName = Release;
		};
		289B33902A25FEF2004CE18F /* Build configuration list for PBXNativeTarget "Mandelbrot" */ = {
			isa = XCConfigurationList;
			buildConfigurations = (
				289B33912A25FEF2004CE18F /* Debug */,
				289B33922A25FEF2004CE18F /* Release */,
			);
			defaultConfigurationIsVisible = 0;
			defaultConfigurationName = Release;
		};
		289B33932A25FEF2004CE18F /* Build configuration list for PBXNativeTarget "MandelbrotTests" */ = {
			isa = XCConfigurationList;
			buildConfigurations = (
				289B33942A25FEF2004CE18F /* Debug */,
				289B33952A25FEF2004CE18F /* Release */,
			);
			defaultConfigurationIsVisible = 0;
			defaultConfigurationName = Release;
		};
		289B33962A25FEF2004CE18F /* Build configuration list for PBXNativeTarget "MandelbrotUITests" */ = {
			isa = XCConfigurationList;
			buildConfigurations = (
				289B33972A25FEF2004CE18F /* Debug */,
				289B33982A25FEF2004CE18F /* Release */,
			);
			defaultConfigurationIsVisible = 0;
			defaultConfigurationName = Release;
		};
/* End XCConfigurationList section */
	};
	rootObject = 289B33632A25FEEF004CE18F /* Project object */;
}
